
Microsoft Visual Studio Solution File, Format Version 12.00
# Visual Studio Version 17
VisualStudioVersion = 17.11.35327.3
MinimumVisualStudioVersion = 10.0.40219.1
Project("{FAE04EC0-301F-11D3-BF4B-00C04F79EFBC}") = "Labb2_Arv_SUT24", "Labb2_Arv_SUT24.csproj", "{2EB604F6-6FB3-443C-A385-FAAAAC4D8CC5}"
EndProject
Global
	GlobalSection(SolutionConfigurationPlatforms) = preSolution
		Debug|Any CPU = Debug|Any CPU
		Release|Any CPU = Release|Any CPU
	EndGlobalSection
	GlobalSection(ProjectConfigurationPlatforms) = postSolution
		{2EB604F6-6FB3-443C-A385-FAAAAC4D8CC5}.Debug|Any CPU.ActiveCfg = Debug|Any CPU
		{2EB604F6-6FB3-443C-A385-FAAAAC4D8CC5}.Debug|Any CPU.Build.0 = Debug|Any CPU
		{2EB604F6-6FB3-443C-A385-FAAAAC4D8CC5}.Release|Any CPU.ActiveCfg = Release|Any CPU
		{2EB604F6-6FB3-443C-A385-FAAAAC4D8CC5}.Release|Any CPU.Build.0 = Release|Any CPU
	EndGlobalSection
	GlobalSection(SolutionProperties) = preSolution
		HideSolutionNode = FALSE
	EndGlobalSection
	GlobalSection(ExtensibilityGlobals) = postSolution
		SolutionGuid = {6E736CA0-1CFC-4DF9-B732-A231EF06E42A}
	EndGlobalSection
EndGlobal
